Microsoft Visual Studio Solution File, Format Version 12.00
# Visual Studio 2012
Project("{FAE04EC0-301F-11D3-BF4B-00C04F79EFBC}") = "GildedRose", "GildedRose\GildedRose.csproj", "{2DE7D313-9B85-423A-8DC4-0B7EB8099C8C}"
EndProject
Project("{FAE04EC0-301F-11D3-BF4B-00C04F79EFBC}") = "GildedRose.UnitTests", "GildedRose.UnitTests\GildedRose.UnitTests.csproj", "{CFE0E2E1-823F-11E4-B9AE-3C15C2BEA220}"
EndProject
Global
	GlobalSection(SolutionConfigurationPlatforms) = preSolution
		Debug|Any CPU = Debug|Any CPU
		Release|Any CPU = Release|Any CPU
	EndGlobalSection
	GlobalSection(ProjectConfigurationPlatforms) = postSolution
		{2DE7D313-9B85-423A-8DC4-0B7EB8099C8C}.Debug|Any CPU.ActiveCfg = Debug|Any CPU
		{2DE7D313-9B85-423A-8DC4-0B7EB8099C8C}.Debug|Any CPU.Build.0 = Debug|Any CPU
		{2DE7D313-9B85-423A-8DC4-0B7EB8099C8C}.Release|Any CPU.ActiveCfg = Release|Any CPU
		{2DE7D313-9B85-423A-8DC4-0B7EB8099C8C}.Release|Any CPU.Build.0 = Release|Any CPU
		{CFE0E2E1-823F-11E4-B9AE-3C15C2BEA220}.Debug|Any CPU.ActiveCfg = Debug|Any CPU
		{CFE0E2E1-823F-11E4-B9AE-3C15C2BEA220}.Debug|Any CPU.Build.0 = Debug|Any CPU
		{CFE0E2E1-823F-11E4-B9AE-3C15C2BEA220}.Release|Any CPU.ActiveCfg = Release|Any CPU
		{CFE0E2E1-823F-11E4-B9AE-3C15C2BEA220}.Release|Any CPU.Build.0 = Release|Any CPU
	EndGlobalSection
	GlobalSection(SolutionProperties) = preSolution
		HideSolutionNode = FALSE
	EndGlobalSection
EndGlobal
